// !$*UTF8*$!
{
	archiveVersion = 1;
	classes = {
	};
	objectVersion = 51;
	objects = {

/* Begin PBXBuildFile section */
		0F2649DF6033BC2C685896E3 /* Pods_MarvelAppUITests.framework in Frameworks */ = {isa = PBXBuildFile; fileRef = 49AC56ED4C9DD857DF2C48E6 /* Pods_MarvelAppUITests.framework */; };
		11772861B7062E16432F9A09 /* Pods_MarvelApp.framework in Frameworks */ = {isa = PBXBuildFile; fileRef = EB19F0C257F10670AA72AA8A /* Pods_MarvelApp.framework */; };
		72EF6660A006F2818C6EC04E /* Pods_MarvelAppTests.framework in Frameworks */ = {isa = PBXBuildFile; fileRef = 605DBDBAF6FC210EF4A4ECD4 /* Pods_MarvelAppTests.framework */; };
		D36EB52C23C785B400E73FDA /* SwinjectStoryboard+Setup.swift in Sources */ = {isa = PBXBuildFile; fileRef = D36EB52B23C785B400E73FDA /* SwinjectStoryboard+Setup.swift */; };
		D38B84C223C7885800936465 /* MainPresenter.swift in Sources */ = {isa = PBXBuildFile; fileRef = D38B84C123C7885800936465 /* MainPresenter.swift */; };
		D38B84C623C7897B00936465 /* ApiService.swift in Sources */ = {isa = PBXBuildFile; fileRef = D38B84C523C7897B00936465 /* ApiService.swift */; };
		D38B84CA23C789AA00936465 /* ComicBookModel.swift in Sources */ = {isa = PBXBuildFile; fileRef = D38B84C923C789AA00936465 /* ComicBookModel.swift */; };
		D38B84CE23C78A6F00936465 /* ComicBookTableViewCell.swift in Sources */ = {isa = PBXBuildFile; fileRef = D38B84CC23C78A6F00936465 /* ComicBookTableViewCell.swift */; };
		D38B84CF23C78A6F00936465 /* ComicBookTableViewCell.xib in Resources */ = {isa = PBXBuildFile; fileRef = D38B84CD23C78A6F00936465 /* ComicBookTableViewCell.xib */; };
		D38B84D223C78C7100936465 /* UITableViewCell+Extensions.swift in Sources */ = {isa = PBXBuildFile; fileRef = D38B84D123C78C7100936465 /* UITableViewCell+Extensions.swift */; };
		D38B84D423C78E6600936465 /* Thumbnail.swift in Sources */ = {isa = PBXBuildFile; fileRef = D38B84D323C78E6600936465 /* Thumbnail.swift */; };
		D38B84D623C78FFD00936465 /* MarvelApiService.swift in Sources */ = {isa = PBXBuildFile; fileRef = D38B84D523C78FFD00936465 /* MarvelApiService.swift */; };
		D38B84DD23C793E500936465 /* MainView.swift in Sources */ = {isa = PBXBuildFile; fileRef = D38B84DC23C793E500936465 /* MainView.swift */; };
		D38B84DF23C7940600936465 /* MarvelMainPresenter.swift in Sources */ = {isa = PBXBuildFile; fileRef = D38B84DE23C7940600936465 /* MarvelMainPresenter.swift */; };
		D38B84E423C79A1C00936465 /* Localizable.strings in Resources */ = {isa = PBXBuildFile; fileRef = D38B84E623C79A1C00936465 /* Localizable.strings */; };
		D3905A5B23C75EC0000A9169 /* AppDelegate.swift in Sources */ = {isa = PBXBuildFile; fileRef = D3905A5A23C75EC0000A9169 /* AppDelegate.swift */; };
		D3905A5D23C75EC0000A9169 /* SceneDelegate.swift in Sources */ = {isa = PBXBuildFile; fileRef = D3905A5C23C75EC0000A9169 /* SceneDelegate.swift */; };
		D3905A5F23C75EC0000A9169 /* MainViewController.swift in Sources */ = {isa = PBXBuildFile; fileRef = D3905A5E23C75EC0000A9169 /* MainViewController.swift */; };
		D3905A6223C75EC0000A9169 /* Main.storyboard in Resources */ = {isa = PBXBuildFile; fileRef = D3905A6023C75EC0000A9169 /* Main.storyboard */; };
		D3905A6423C75EC1000A9169 /* Assets.xcassets in Resources */ = {isa = PBXBuildFile; fileRef = D3905A6323C75EC1000A9169 /* Assets.xcassets */; };
		D3905A6723C75EC1000A9169 /* LaunchScreen.storyboard in Resources */ = {isa = PBXBuildFile; fileRef = D3905A6523C75EC1000A9169 /* LaunchScreen.storyboard */; };
		D3905A7D23C75EC2000A9169 /* MarvelAppUITests.swift in Sources */ = {isa = PBXBuildFile; fileRef = D3905A7C23C75EC2000A9169 /* MarvelAppUITests.swift */; };
		D39B53F023C8847600BF5CA0 /* MockApiService.swift in Sources */ = {isa = PBXBuildFile; fileRef = D39B53EF23C8847600BF5CA0 /* MockApiService.swift */; };
		D39B53F123C8848500BF5CA0 /* ApiService.swift in Sources */ = {isa = PBXBuildFile; fileRef = D38B84C523C7897B00936465 /* ApiService.swift */; };
		D39B53F223C8848A00BF5CA0 /* MainView.swift in Sources */ = {isa = PBXBuildFile; fileRef = D38B84DC23C793E500936465 /* MainView.swift */; };
		D39B53F323C8848E00BF5CA0 /* MainPresenter.swift in Sources */ = {isa = PBXBuildFile; fileRef = D38B84C123C7885800936465 /* MainPresenter.swift */; };
		D39B53F523C887D800BF5CA0 /* ComicBookModel.swift in Sources */ = {isa = PBXBuildFile; fileRef = D38B84C923C789AA00936465 /* ComicBookModel.swift */; };
		D39B53F723C8890000BF5CA0 /* api_response.json in Resources */ = {isa = PBXBuildFile; fileRef = D39B53F623C8890000BF5CA0 /* api_response.json */; };
		D39B53F823C8899A00BF5CA0 /* Thumbnail.swift in Sources */ = {isa = PBXBuildFile; fileRef = D38B84D323C78E6600936465 /* Thumbnail.swift */; };
		D39B53F923C8899A00BF5CA0 /* ApiResponseModel.swift in Sources */ = {isa = PBXBuildFile; fileRef = D3C41D8C23C7C73D0071DDAD /* ApiResponseModel.swift */; };
		D39B53FA23C8899A00BF5CA0 /* DataModel.swift in Sources */ = {isa = PBXBuildFile; fileRef = D3C41D8E23C7C77D0071DDAD /* DataModel.swift */; };
		D39B53FC23C88A4600BF5CA0 /* MainPresenterTests.swift in Sources */ = {isa = PBXBuildFile; fileRef = D39B53FB23C88A4600BF5CA0 /* MainPresenterTests.swift */; };
		D39B548723C8A69200BF5CA0 /* ApiServiceTests.swift in Sources */ = {isa = PBXBuildFile; fileRef = D39B548623C8A69200BF5CA0 /* ApiServiceTests.swift */; };
		D39B548823C8AB3100BF5CA0 /* api_response.json in Resources */ = {isa = PBXBuildFile; fileRef = D39B53F623C8890000BF5CA0 /* api_response.json */; };
		D39B548B23C8BCC100BF5CA0 /* MarvelMainPresenter.swift in Sources */ = {isa = PBXBuildFile; fileRef = D38B84DE23C7940600936465 /* MarvelMainPresenter.swift */; };
		D39B548E23C8BED900BF5CA0 /* MockApiService.swift in Sources */ = {isa = PBXBuildFile; fileRef = D39B53EF23C8847600BF5CA0 /* MockApiService.swift */; };
		D3C41D8D23C7C73D0071DDAD /* ApiResponseModel.swift in Sources */ = {isa = PBXBuildFile; fileRef = D3C41D8C23C7C73D0071DDAD /* ApiResponseModel.swift */; };
		D3C41D8F23C7C77D0071DDAD /* DataModel.swift in Sources */ = {isa = PBXBuildFile; fileRef = D3C41D8E23C7C77D0071DDAD /* DataModel.swift */; };
/* End PBXBuildFile section */

/* Begin PBXContainerItemProxy section */
		D3905A6E23C75EC2000A9169 /* PBXContainerItemProxy */ = {
			isa = PBXContainerItemProxy;
			containerPortal = D3905A4F23C75EC0000A9169 /* Project object */;
			proxyType = 1;
			remoteGlobalIDString = D3905A5623C75EC0000A9169;
			remoteInfo = MarvelApp;
		};
		D3905A7923C75EC2000A9169 /* PBXContainerItemProxy */ = {
			isa = PBXContainerItemProxy;
			containerPortal = D3905A4F23C75EC0000A9169 /* Project object */;
			proxyType = 1;
			remoteGlobalIDString = D3905A5623C75EC0000A9169;
			remoteInfo = MarvelApp;
		};
/* End PBXContainerItemProxy section */

/* Begin PBXFileReference section */
		02CBC2B0788097C6DFF507D6 /* Pods-MarvelAppUITests.release.xcconfig */ = {isa = PBXFileReference; includeInIndex = 1; lastKnownFileType = text.xcconfig; name = "Pods-MarvelAppUITests.release.xcconfig"; path = "Target Support Files/Pods-MarvelAppUITests/Pods-MarvelAppUITests.release.xcconfig"; sourceTree = "<group>"; };
		167FCD006500ADDB8AE1DD2E /* Pods-MarvelApp.debug.xcconfig */ = {isa = PBXFileReference; includeInIndex = 1; lastKnownFileType = text.xcconfig; name = "Pods-MarvelApp.debug.xcconfig"; path = "Target Support Files/Pods-MarvelApp/Pods-MarvelApp.debug.xcconfig"; sourceTree = "<group>"; };
		1A12FA0932A57475E4C1C13F /* Pods-MarvelApp.release.xcconfig */ = {isa = PBXFileReference; includeInIndex = 1; lastKnownFileType = text.xcconfig; name = "Pods-MarvelApp.release.xcconfig"; path = "Target Support Files/Pods-MarvelApp/Pods-MarvelApp.release.xcconfig"; sourceTree = "<group>"; };
		49AC56ED4C9DD857DF2C48E6 /* Pods_MarvelAppUITests.framework */ = {isa = PBXFileReference; explicitFileType = wrapper.framework; includeInIndex = 0; path = Pods_MarvelAppUITests.framework; sourceTree = BUILT_PRODUCTS_DIR; };
		605DBDBAF6FC210EF4A4ECD4 /* Pods_MarvelAppTests.framework */ = {isa = PBXFileReference; explicitFileType = wrapper.framework; includeInIndex = 0; path = Pods_MarvelAppTests.framework; sourceTree = BUILT_PRODUCTS_DIR; };
		66F50F8F0A325BD4E222AF82 /* Pods-MarvelAppUITests.debug.xcconfig */ = {isa = PBXFileReference; includeInIndex = 1; lastKnownFileType = text.xcconfig; name = "Pods-MarvelAppUITests.debug.xcconfig"; path = "Target Support Files/Pods-MarvelAppUITests/Pods-MarvelAppUITests.debug.xcconfig"; sourceTree = "<group>"; };
		7F0E83BB5180961B267BF492 /* Pods-MarvelAppTests.debug.xcconfig */ = {isa = PBXFileReference; includeInIndex = 1; lastKnownFileType = text.xcconfig; name = "Pods-MarvelAppTests.debug.xcconfig"; path = "Target Support Files/Pods-MarvelAppTests/Pods-MarvelAppTests.debug.xcconfig"; sourceTree = "<group>"; };
		A5E5846C33E1BD636A97237C /* Pods-MarvelAppTests.release.xcconfig */ = {isa = PBXFileReference; includeInIndex = 1; lastKnownFileType = text.xcconfig; name = "Pods-MarvelAppTests.release.xcconfig"; path = "Target Support Files/Pods-MarvelAppTests/Pods-MarvelAppTests.release.xcconfig"; sourceTree = "<group>"; };
		D36EB52B23C785B400E73FDA /* SwinjectStoryboard+Setup.swift */ = {isa = PBXFileReference; lastKnownFileType = sourcecode.swift; path = "SwinjectStoryboard+Setup.swift"; sourceTree = "<group>"; };
		D38B84C123C7885800936465 /* MainPresenter.swift */ = {isa = PBXFileReference; lastKnownFileType = sourcecode.swift; path = MainPresenter.swift; sourceTree = "<group>"; };
		D38B84C523C7897B00936465 /* ApiService.swift */ = {isa = PBXFileReference; lastKnownFileType = sourcecode.swift; path = ApiService.swift; sourceTree = "<group>"; };
		D38B84C923C789AA00936465 /* ComicBookModel.swift */ = {isa = PBXFileReference; lastKnownFileType = sourcecode.swift; path = ComicBookModel.swift; sourceTree = "<group>"; };
		D38B84CC23C78A6F00936465 /* ComicBookTableViewCell.swift */ = {isa = PBXFileReference; lastKnownFileType = sourcecode.swift; path = ComicBookTableViewCell.swift; sourceTree = "<group>"; };
		D38B84CD23C78A6F00936465 /* ComicBookTableViewCell.xib */ = {isa = PBXFileReference; lastKnownFileType = file.xib; path = ComicBookTableViewCell.xib; sourceTree = "<group>"; };
		D38B84D123C78C7100936465 /* UITableViewCell+Extensions.swift */ = {isa = PBXFileReference; lastKnownFileType = sourcecode.swift; path = "UITableViewCell+Extensions.swift"; sourceTree = "<group>"; };
		D38B84D323C78E6600936465 /* Thumbnail.swift */ = {isa = PBXFileReference; lastKnownFileType = sourcecode.swift; path = Thumbnail.swift; sourceTree = "<group>"; };
		D38B84D523C78FFD00936465 /* MarvelApiService.swift */ = {isa = PBXFileReference; lastKnownFileType = sourcecode.swift; path = MarvelApiService.swift; sourceTree = "<group>"; };
		D38B84DC23C793E500936465 /* MainView.swift */ = {isa = PBXFileReference; lastKnownFileType = sourcecode.swift; path = MainView.swift; sourceTree = "<group>"; };
		D38B84DE23C7940600936465 /* MarvelMainPresenter.swift */ = {isa = PBXFileReference; lastKnownFileType = sourcecode.swift; path = MarvelMainPresenter.swift; sourceTree = "<group>"; };
		D38B84E523C79A1C00936465 /* en */ = {isa = PBXFileReference; lastKnownFileType = text.plist.strings; name = en; path = en.lproj/Localizable.strings; sourceTree = "<group>"; };
		D3905A5723C75EC0000A9169 /* MarvelApp.app */ = {isa = PBXFileReference; explicitFileType = wrapper.application; includeInIndex = 0; path = MarvelApp.app; sourceTree = BUILT_PRODUCTS_DIR; };
		D3905A5A23C75EC0000A9169 /* AppDelegate.swift */ = {isa = PBXFileReference; lastKnownFileType = sourcecode.swift; path = AppDelegate.swift; sourceTree = "<group>"; };
		D3905A5C23C75EC0000A9169 /* SceneDelegate.swift */ = {isa = PBXFileReference; lastKnownFileType = sourcecode.swift; path = SceneDelegate.swift; sourceTree = "<group>"; };
		D3905A5E23C75EC0000A9169 /* MainViewController.swift */ = {isa = PBXFileReference; lastKnownFileType = sourcecode.swift; path = MainViewController.swift; sourceTree = "<group>"; };
		D3905A6123C75EC0000A9169 /* Base */ = {isa = PBXFileReference; lastKnownFileType = file.storyboard; name = Base; path = Base.lproj/Main.storyboard; sourceTree = "<group>"; };
		D3905A6323C75EC1000A9169 /* Assets.xcassets */ = {isa = PBXFileReference; lastKnownFileType = folder.assetcatalog; path = Assets.xcassets; sourceTree = "<group>"; };
		D3905A6623C75EC1000A9169 /* Base */ = {isa = PBXFileReference; lastKnownFileType = file.storyboard; name = Base; path = Base.lproj/LaunchScreen.storyboard; sourceTree = "<group>"; };
		D3905A6823C75EC1000A9169 /* Info.plist */ = {isa = PBXFileReference; lastKnownFileType = text.plist.xml; path = Info.plist; sourceTree = "<group>"; };
		D3905A6D23C75EC2000A9169 /* MarvelAppTests.xctest */ = {isa = PBXFileReference; explicitFileType = wrapper.cfbundle; includeInIndex = 0; path = MarvelAppTests.xctest; sourceTree = BUILT_PRODUCTS_DIR; };
		D3905A7323C75EC2000A9169 /* Info.plist */ = {isa = PBXFileReference; lastKnownFileType = text.plist.xml; path = Info.plist; sourceTree = "<group>"; };
		D3905A7823C75EC2000A9169 /* MarvelAppUITests.xctest */ = {isa = PBXFileReference; explicitFileType = wrapper.cfbundle; includeInIndex = 0; path = MarvelAppUITests.xctest; sourceTree = BUILT_PRODUCTS_DIR; };
		D3905A7C23C75EC2000A9169 /* MarvelAppUITests.swift */ = {isa = PBXFileReference; lastKnownFileType = sourcecode.swift; path = MarvelAppUITests.swift; sourceTree = "<group>"; };
		D3905A7E23C75EC2000A9169 /* Info.plist */ = {isa = PBXFileReference; lastKnownFileType = text.plist.xml; path = Info.plist; sourceTree = "<group>"; };
		D39B53EF23C8847600BF5CA0 /* MockApiService.swift */ = {isa = PBXFileReference; lastKnownFileType = sourcecode.swift; path = MockApiService.swift; sourceTree = "<group>"; };
		D39B53F623C8890000BF5CA0 /* api_response.json */ = {isa = PBXFileReference; lastKnownFileType = text.json; path = api_response.json; sourceTree = "<group>"; };
		D39B53FB23C88A4600BF5CA0 /* MainPresenterTests.swift */ = {isa = PBXFileReference; lastKnownFileType = sourcecode.swift; path = MainPresenterTests.swift; sourceTree = "<group>"; };
		D39B548623C8A69200BF5CA0 /* ApiServiceTests.swift */ = {isa = PBXFileReference; lastKnownFileType = sourcecode.swift; path = ApiServiceTests.swift; sourceTree = "<group>"; };
		D3C41D8C23C7C73D0071DDAD /* ApiResponseModel.swift */ = {isa = PBXFileReference; lastKnownFileType = sourcecode.swift; path = ApiResponseModel.swift; sourceTree = "<group>"; };
		D3C41D8E23C7C77D0071DDAD /* DataModel.swift */ = {isa = PBXFileReference; lastKnownFileType = sourcecode.swift; path = DataModel.swift; sourceTree = "<group>"; };
		EB19F0C257F10670AA72AA8A /* Pods_MarvelApp.framework */ = {isa = PBXFileReference; explicitFileType = wrapper.framework; includeInIndex = 0; path = Pods_MarvelApp.framework; sourceTree = BUILT_PRODUCTS_DIR; };
/* End PBXFileReference section */

/* Begin PBXFrameworksBuildPhase section */
		D3905A5423C75EC0000A9169 /* Frameworks */ = {
			isa = PBXFrameworksBuildPhase;
			buildActionMask = 2147483647;
			files = (
				11772861B7062E16432F9A09 /* Pods_MarvelApp.framework in Frameworks */,
			);
			runOnlyForDeploymentPostprocessing = 0;
		};
		D3905A6A23C75EC2000A9169 /* Frameworks */ = {
			isa = PBXFrameworksBuildPhase;
			buildActionMask = 2147483647;
			files = (
				72EF6660A006F2818C6EC04E /* Pods_MarvelAppTests.framework in Frameworks */,
			);
			runOnlyForDeploymentPostprocessing = 0;
		};
		D3905A7523C75EC2000A9169 /* Frameworks */ = {
			isa = PBXFrameworksBuildPhase;
			buildActionMask = 2147483647;
			files = (
				0F2649DF6033BC2C685896E3 /* Pods_MarvelAppUITests.framework in Frameworks */,
			);
			runOnlyForDeploymentPostprocessing = 0;
		};
/* End PBXFrameworksBuildPhase section */

/* Begin PBXGroup section */
		57C01CEB6F7FA95EADC8B853 /* Pods */ = {
			isa = PBXGroup;
			children = (
				167FCD006500ADDB8AE1DD2E /* Pods-MarvelApp.debug.xcconfig */,
				1A12FA0932A57475E4C1C13F /* Pods-MarvelApp.release.xcconfig */,
				7F0E83BB5180961B267BF492 /* Pods-MarvelAppTests.debug.xcconfig */,
				A5E5846C33E1BD636A97237C /* Pods-MarvelAppTests.release.xcconfig */,
				66F50F8F0A325BD4E222AF82 /* Pods-MarvelAppUITests.debug.xcconfig */,
				02CBC2B0788097C6DFF507D6 /* Pods-MarvelAppUITests.release.xcconfig */,
			);
			path = Pods;
			sourceTree = "<group>";
		};
		D38B84C423C7896600936465 /* Backend */ = {
			isa = PBXGroup;
			children = (
				D38B84C523C7897B00936465 /* ApiService.swift */,
				D38B84D523C78FFD00936465 /* MarvelApiService.swift */,
			);
			path = Backend;
			sourceTree = "<group>";
		};
		D38B84CB23C78A5400936465 /* Cells */ = {
			isa = PBXGroup;
			children = (
				D38B84CC23C78A6F00936465 /* ComicBookTableViewCell.swift */,
				D38B84CD23C78A6F00936465 /* ComicBookTableViewCell.xib */,
			);
			path = Cells;
			sourceTree = "<group>";
		};
		D38B84D023C78C5C00936465 /* Extensions */ = {
			isa = PBXGroup;
			children = (
				D38B84D123C78C7100936465 /* UITableViewCell+Extensions.swift */,
			);
			path = Extensions;
			sourceTree = "<group>";
		};
		D38B84DB23C793DB00936465 /* Views */ = {
			isa = PBXGroup;
			children = (
				D38B84DC23C793E500936465 /* MainView.swift */,
			);
			path = Views;
			sourceTree = "<group>";
		};
		D3905A4E23C75EC0000A9169 = {
			isa = PBXGroup;
			children = (
				D3905A5923C75EC0000A9169 /* MarvelApp */,
				D3905A7023C75EC2000A9169 /* MarvelAppTests */,
				D3905A7B23C75EC2000A9169 /* MarvelAppUITests */,
				D3905A5823C75EC0000A9169 /* Products */,
				57C01CEB6F7FA95EADC8B853 /* Pods */,
				EB90D5BD23CBD48F8786CB18 /* Frameworks */,
			);
			sourceTree = "<group>";
		};
		D3905A5823C75EC0000A9169 /* Products */ = {
			isa = PBXGroup;
			children = (
				D3905A5723C75EC0000A9169 /* MarvelApp.app */,
				D3905A6D23C75EC2000A9169 /* MarvelAppTests.xctest */,
				D3905A7823C75EC2000A9169 /* MarvelAppUITests.xctest */,
			);
			name = Products;
			sourceTree = "<group>";
		};
		D3905A5923C75EC0000A9169 /* MarvelApp */ = {
			isa = PBXGroup;
			children = (
				D38B84E623C79A1C00936465 /* Localizable.strings */,
				D38B84DB23C793DB00936465 /* Views */,
				D38B84C423C7896600936465 /* Backend */,
				D3905A8E23C760EC000A9169 /* DI */,
				D3905A8D23C760BB000A9169 /* Models */,
				D3905A8C23C760B0000A9169 /* Presenters */,
				D3905A8B23C75EEE000A9169 /* Utils */,
				D3905A8A23C75EE3000A9169 /* ViewControllers */,
				D3905A5A23C75EC0000A9169 /* AppDelegate.swift */,
				D3905A5C23C75EC0000A9169 /* SceneDelegate.swift */,
				D3905A6023C75EC0000A9169 /* Main.storyboard */,
				D3905A6323C75EC1000A9169 /* Assets.xcassets */,
				D3905A6523C75EC1000A9169 /* LaunchScreen.storyboard */,
				D3905A6823C75EC1000A9169 /* Info.plist */,
			);
			path = MarvelApp;
			sourceTree = "<group>";
		};
		D3905A7023C75EC2000A9169 /* MarvelAppTests */ = {
			isa = PBXGroup;
			children = (
				D3905A7323C75EC2000A9169 /* Info.plist */,
				D39B53EF23C8847600BF5CA0 /* MockApiService.swift */,
				D39B53F623C8890000BF5CA0 /* api_response.json */,
				D39B53FB23C88A4600BF5CA0 /* MainPresenterTests.swift */,
				D39B548623C8A69200BF5CA0 /* ApiServiceTests.swift */,
			);
			path = MarvelAppTests;
			sourceTree = "<group>";
		};
		D3905A7B23C75EC2000A9169 /* MarvelAppUITests */ = {
			isa = PBXGroup;
			children = (
				D3905A7C23C75EC2000A9169 /* MarvelAppUITests.swift */,
				D3905A7E23C75EC2000A9169 /* Info.plist */,
			);
			path = MarvelAppUITests;
			sourceTree = "<group>";
		};
		D3905A8A23C75EE3000A9169 /* ViewControllers */ = {
			isa = PBXGroup;
			children = (
				D38B84CB23C78A5400936465 /* Cells */,
				D3905A5E23C75EC0000A9169 /* MainViewController.swift */,
			);
			path = ViewControllers;
			sourceTree = "<group>";
		};
		D3905A8B23C75EEE000A9169 /* Utils */ = {
			isa = PBXGroup;
			children = (
				D38B84D023C78C5C00936465 /* Extensions */,
			);
			path = Utils;
			sourceTree = "<group>";
		};
		D3905A8C23C760B0000A9169 /* Presenters */ = {
			isa = PBXGroup;
			children = (
				D38B84C123C7885800936465 /* MainPresenter.swift */,
				D38B84DE23C7940600936465 /* MarvelMainPresenter.swift */,
			);
			path = Presenters;
			sourceTree = "<group>";
		};
		D3905A8D23C760BB000A9169 /* Models */ = {
			isa = PBXGroup;
			children = (
				D38B84C923C789AA00936465 /* ComicBookModel.swift */,
				D38B84D323C78E6600936465 /* Thumbnail.swift */,
				D3C41D8C23C7C73D0071DDAD /* ApiResponseModel.swift */,
				D3C41D8E23C7C77D0071DDAD /* DataModel.swift */,
			);
			path = Models;
			sourceTree = "<group>";
		};
		D3905A8E23C760EC000A9169 /* DI */ = {
			isa = PBXGroup;
			children = (
				D36EB52B23C785B400E73FDA /* SwinjectStoryboard+Setup.swift */,
			);
			path = DI;
			sourceTree = "<group>";
		};
		EB90D5BD23CBD48F8786CB18 /* Frameworks */ = {
			isa = PBXGroup;
			children = (
				EB19F0C257F10670AA72AA8A /* Pods_MarvelApp.framework */,
				605DBDBAF6FC210EF4A4ECD4 /* Pods_MarvelAppTests.framework */,
				49AC56ED4C9DD857DF2C48E6 /* Pods_MarvelAppUITests.framework */,
			);
			name = Frameworks;
			sourceTree = "<group>";
		};
/* End PBXGroup section */

/* Begin PBXNativeTarget section */
		D3905A5623C75EC0000A9169 /* MarvelApp */ = {
			isa = PBXNativeTarget;
			buildConfigurationList = D3905A8123C75EC2000A9169 /* Build configuration list for PBXNativeTarget "MarvelApp" */;
			buildPhases = (
				FC70E9B8401A938131198635 /* [CP] Check Pods Manifest.lock */,
				D3905A5323C75EC0000A9169 /* Sources */,
				D3905A5423C75EC0000A9169 /* Frameworks */,
				D3905A5523C75EC0000A9169 /* Resources */,
				7D1527CE8BDB89620A8156E9 /* [CP] Embed Pods Frameworks */,
			);
			buildRules = (
			);
			dependencies = (
			);
			name = MarvelApp;
			productName = MarvelApp;
			productReference = D3905A5723C75EC0000A9169 /* MarvelApp.app */;
			productType = "com.apple.product-type.application";
		};
		D3905A6C23C75EC2000A9169 /* MarvelAppTests */ = {
			isa = PBXNativeTarget;
			buildConfigurationList = D3905A8423C75EC2000A9169 /* Build configuration list for PBXNativeTarget "MarvelAppTests" */;
			buildPhases = (
				284B6EA87F67D09B243A0120 /* [CP] Check Pods Manifest.lock */,
				D3905A6923C75EC2000A9169 /* Sources */,
				D3905A6A23C75EC2000A9169 /* Frameworks */,
				D3905A6B23C75EC2000A9169 /* Resources */,
				A517A83AC3FCD58F2491C421 /* [CP] Embed Pods Frameworks */,
			);
			buildRules = (
			);
			dependencies = (
				D3905A6F23C75EC2000A9169 /* PBXTargetDependency */,
			);
			name = MarvelAppTests;
			productName = MarvelAppTests;
			productReference = D3905A6D23C75EC2000A9169 /* MarvelAppTests.xctest */;
			productType = "com.apple.product-type.bundle.unit-test";
		};
		D3905A7723C75EC2000A9169 /* MarvelAppUITests */ = {
			isa = PBXNativeTarget;
			buildConfigurationList = D3905A8723C75EC2000A9169 /* Build configuration list for PBXNativeTarget "MarvelAppUITests" */;
			buildPhases = (
				B86457B7AF7BA6258C619CD6 /* [CP] Check Pods Manifest.lock */,
				D3905A7423C75EC2000A9169 /* Sources */,
				D3905A7523C75EC2000A9169 /* Frameworks */,
				D3905A7623C75EC2000A9169 /* Resources */,
			);
			buildRules = (
			);
			dependencies = (
				D3905A7A23C75EC2000A9169 /* PBXTargetDependency */,
			);
			name = MarvelAppUITests;
			productName = MarvelAppUITests;
			productReference = D3905A7823C75EC2000A9169 /* MarvelAppUITests.xctest */;
			productType = "com.apple.product-type.bundle.ui-testing";
		};
/* End PBXNativeTarget section */

/* Begin PBXProject section */
		D3905A4F23C75EC0000A9169 /* Project object */ = {
			isa = PBXProject;
			attributes = {
				LastSwiftUpdateCheck = 1110;
				LastUpgradeCheck = 1110;
				ORGANIZATIONNAME = "Bartłomiej Smektała";
				TargetAttributes = {
					D3905A5623C75EC0000A9169 = {
						CreatedOnToolsVersion = 11.1;
					};
					D3905A6C23C75EC2000A9169 = {
						CreatedOnToolsVersion = 11.1;
						TestTargetID = D3905A5623C75EC0000A9169;
					};
					D3905A7723C75EC2000A9169 = {
						CreatedOnToolsVersion = 11.1;
						TestTargetID = D3905A5623C75EC0000A9169;
					};
				};
			};
			buildConfigurationList = D3905A5223C75EC0000A9169 /* Build configuration list for PBXProject "MarvelApp" */;
			compatibilityVersion = "Xcode 9.3";
			developmentRegion = en;
			hasScannedForEncodings = 0;
			knownRegions = (
				en,
				Base,
			);
			mainGroup = D3905A4E23C75EC0000A9169;
			productRefGroup = D3905A5823C75EC0000A9169 /* Products */;
			projectDirPath = "";
			projectRoot = "";
			targets = (
				D3905A5623C75EC0000A9169 /* MarvelApp */,
				D3905A6C23C75EC2000A9169 /* MarvelAppTests */,
				D3905A7723C75EC2000A9169 /* MarvelAppUITests */,
			);
		};
/* End PBXProject section */

/* Begin PBXResourcesBuildPhase section */
		D3905A5523C75EC0000A9169 /* Resources */ = {
			isa = PBXResourcesBuildPhase;
			buildActionMask = 2147483647;
			files = (
				D38B84E423C79A1C00936465 /* Localizable.strings in Resources */,
				D38B84CF23C78A6F00936465 /* ComicBookTableViewCell.xib in Resources */,
				D3905A6723C75EC1000A9169 /* LaunchScreen.storyboard in Resources */,
				D3905A6423C75EC1000A9169 /* Assets.xcassets in Resources */,
				D3905A6223C75EC0000A9169 /* Main.storyboard in Resources */,
				D39B548823C8AB3100BF5CA0 /* api_response.json in Resources */,
			);
			runOnlyForDeploymentPostprocessing = 0;
		};
		D3905A6B23C75EC2000A9169 /* Resources */ = {
			isa = PBXResourcesBuildPhase;
			buildActionMask = 2147483647;
			files = (
				D39B53F723C8890000BF5CA0 /* api_response.json in Resources */,
			);
			runOnlyForDeploymentPostprocessing = 0;
		};
		D3905A7623C75EC2000A9169 /* Resources */ = {
			isa = PBXResourcesBuildPhase;
			buildActionMask = 2147483647;
			files = (
			);
			runOnlyForDeploymentPostprocessing = 0;
		};
/* End PBXResourcesBuildPhase section */

/* Begin PBXShellScriptBuildPhase section */
		284B6EA87F67D09B243A0120 /* [CP] Check Pods Manifest.lock */ = {
			isa = PBXShellScriptBuildPhase;
			buildActionMask = 2147483647;
			files = (
			);
			inputFileListPaths = (
			);
			inputPaths = (
				"${PODS_PODFILE_DIR_PATH}/Podfile.lock",
				"${PODS_ROOT}/Manifest.lock",
			);
			name = "[CP] Check Pods Manifest.lock";
			outputFileListPaths = (
			);
			outputPaths = (
				"$(DERIVED_FILE_DIR)/Pods-MarvelAppTests-checkManifestLockResult.txt",
			);
			runOnlyForDeploymentPostprocessing = 0;
			shellPath = /bin/sh;
			shellScript = "diff \"${PODS_PODFILE_DIR_PATH}/Podfile.lock\" \"${PODS_ROOT}/Manifest.lock\" > /dev/null\nif [ $? != 0 ] ; then\n    # print error to STDERR\n    echo \"error: The sandbox is not in sync with the Podfile.lock. Run 'pod install' or update your CocoaPods installation.\" >&2\n    exit 1\nfi\n# This output is used by Xcode 'outputs' to avoid re-running this script phase.\necho \"SUCCESS\" > \"${SCRIPT_OUTPUT_FILE_0}\"\n";
			showEnvVarsInLog = 0;
		};
		7D1527CE8BDB89620A8156E9 /* [CP] Embed Pods Frameworks */ = {
			isa = PBXShellScriptBuildPhase;
			buildActionMask = 2147483647;
			files = (
			);
			inputFileListPaths = (
				"${PODS_ROOT}/Target Support Files/Pods-MarvelApp/Pods-MarvelApp-frameworks-${CONFIGURATION}-input-files.xcfilelist",
			);
			name = "[CP] Embed Pods Frameworks";
			outputFileListPaths = (
				"${PODS_ROOT}/Target Support Files/Pods-MarvelApp/Pods-MarvelApp-frameworks-${CONFIGURATION}-output-files.xcfilelist",
			);
			runOnlyForDeploymentPostprocessing = 0;
			shellPath = /bin/sh;
			shellScript = "\"${PODS_ROOT}/Target Support Files/Pods-MarvelApp/Pods-MarvelApp-frameworks.sh\"\n";
			showEnvVarsInLog = 0;
		};
		A517A83AC3FCD58F2491C421 /* [CP] Embed Pods Frameworks */ = {
			isa = PBXShellScriptBuildPhase;
			buildActionMask = 2147483647;
			files = (
			);
			inputFileListPaths = (
				"${PODS_ROOT}/Target Support Files/Pods-MarvelAppTests/Pods-MarvelAppTests-frameworks-${CONFIGURATION}-input-files.xcfilelist",
			);
			name = "[CP] Embed Pods Frameworks";
			outputFileListPaths = (
				"${PODS_ROOT}/Target Support Files/Pods-MarvelAppTests/Pods-MarvelAppTests-frameworks-${CONFIGURATION}-output-files.xcfilelist",
			);
			runOnlyForDeploymentPostprocessing = 0;
			shellPath = /bin/sh;
			shellScript = "\"${PODS_ROOT}/Target Support Files/Pods-MarvelAppTests/Pods-MarvelAppTests-frameworks.sh\"\n";
			showEnvVarsInLog = 0;
		};
		B86457B7AF7BA6258C619CD6 /* [CP] Check Pods Manifest.lock */ = {
			isa = PBXShellScriptBuildPhase;
			buildActionMask = 2147483647;
			files = (
			);
			inputFileListPaths = (
			);
			inputPaths = (
				"${PODS_PODFILE_DIR_PATH}/Podfile.lock",
				"${PODS_ROOT}/Manifest.lock",
			);
			name = "[CP] Check Pods Manifest.lock";
			outputFileListPaths = (
			);
			outputPaths = (
				"$(DERIVED_FILE_DIR)/Pods-MarvelAppUITests-checkManifestLockResult.txt",
			);
			runOnlyForDeploymentPostprocessing = 0;
			shellPath = /bin/sh;
			shellScript = "diff \"${PODS_PODFILE_DIR_PATH}/Podfile.lock\" \"${PODS_ROOT}/Manifest.lock\" > /dev/null\nif [ $? != 0 ] ; then\n    # print error to STDERR\n    echo \"error: The sandbox is not in sync with the Podfile.lock. Run 'pod install' or update your CocoaPods installation.\" >&2\n    exit 1\nfi\n# This output is used by Xcode 'outputs' to avoid re-running this script phase.\necho \"SUCCESS\" > \"${SCRIPT_OUTPUT_FILE_0}\"\n";
			showEnvVarsInLog = 0;
		};
		FC70E9B8401A938131198635 /* [CP] Check Pods Manifest.lock */ = {
			isa = PBXShellScriptBuildPhase;
			buildActionMask = 2147483647;
			files = (
			);
			inputFileListPaths = (
			);
			inputPaths = (
				"${PODS_PODFILE_DIR_PATH}/Podfile.lock",
				"${PODS_ROOT}/Manifest.lock",
			);
			name = "[CP] Check Pods Manifest.lock";
			outputFileListPaths = (
			);
			outputPaths = (
				"$(DERIVED_FILE_DIR)/Pods-MarvelApp-checkManifestLockResult.txt",
			);
			runOnlyForDeploymentPostprocessing = 0;
			shellPath = /bin/sh;
			shellScript = "diff \"${PODS_PODFILE_DIR_PATH}/Podfile.lock\" \"${PODS_ROOT}/Manifest.lock\" > /dev/null\nif [ $? != 0 ] ; then\n    # print error to STDERR\n    echo \"error: The sandbox is not in sync with the Podfile.lock. Run 'pod install' or update your CocoaPods installation.\" >&2\n    exit 1\nfi\n# This output is used by Xcode 'outputs' to avoid re-running this script phase.\necho \"SUCCESS\" > \"${SCRIPT_OUTPUT_FILE_0}\"\n";
			showEnvVarsInLog = 0;
		};
/* End PBXShellScriptBuildPhase section */

/* Begin PBXSourcesBuildPhase section */
		D3905A5323C75EC0000A9169 /* Sources */ = {
			isa = PBXSourcesBuildPhase;
			buildActionMask = 2147483647;
			files = (
				D38B84C223C7885800936465 /* MainPresenter.swift in Sources */,
				D38B84DD23C793E500936465 /* MainView.swift in Sources */,
				D38B84D223C78C7100936465 /* UITableViewCell+Extensions.swift in Sources */,
				D38B84CA23C789AA00936465 /* ComicBookModel.swift in Sources */,
				D39B548E23C8BED900BF5CA0 /* MockApiService.swift in Sources */,
				D3905A5F23C75EC0000A9169 /* MainViewController.swift in Sources */,
				D3C41D8F23C7C77D0071DDAD /* DataModel.swift in Sources */,
				D38B84CE23C78A6F00936465 /* ComicBookTableViewCell.swift in Sources */,
				D38B84DF23C7940600936465 /* MarvelMainPresenter.swift in Sources */,
				D38B84D423C78E6600936465 /* Thumbnail.swift in Sources */,
				D36EB52C23C785B400E73FDA /* SwinjectStoryboard+Setup.swift in Sources */,
				D3C41D8D23C7C73D0071DDAD /* ApiResponseModel.swift in Sources */,
				D38B84D623C78FFD00936465 /* MarvelApiService.swift in Sources */,
				D3905A5B23C75EC0000A9169 /* AppDelegate.swift in Sources */,
				D38B84C623C7897B00936465 /* ApiService.swift in Sources */,
				D3905A5D23C75EC0000A9169 /* SceneDelegate.swift in Sources */,
			);
			runOnlyForDeploymentPostprocessing = 0;
		};
		D3905A6923C75EC2000A9169 /* Sources */ = {
			isa = PBXSourcesBuildPhase;
			buildActionMask = 2147483647;
			files = (
				D39B53F323C8848E00BF5CA0 /* MainPresenter.swift in Sources */,
				D39B548723C8A69200BF5CA0 /* ApiServiceTests.swift in Sources */,
				D39B53FC23C88A4600BF5CA0 /* MainPresenterTests.swift in Sources */,
				D39B53F023C8847600BF5CA0 /* MockApiService.swift in Sources */,
				D39B53F223C8848A00BF5CA0 /* MainView.swift in Sources */,
				D39B53FA23C8899A00BF5CA0 /* DataModel.swift in Sources */,
				D39B548B23C8BCC100BF5CA0 /* MarvelMainPresenter.swift in Sources */,
				D39B53F523C887D800BF5CA0 /* ComicBookModel.swift in Sources */,
				D39B53F823C8899A00BF5CA0 /* Thumbnail.swift in Sources */,
				D39B53F123C8848500BF5CA0 /* ApiService.swift in Sources */,
				D39B53F923C8899A00BF5CA0 /* ApiResponseModel.swift in Sources */,
			);
			runOnlyForDeploymentPostprocessing = 0;
		};
		D3905A7423C75EC2000A9169 /* Sources */ = {
			isa = PBXSourcesBuildPhase;
			buildActionMask = 2147483647;
			files = (
				D3905A7D23C75EC2000A9169 /* MarvelAppUITests.swift in Sources */,
			);
			runOnlyForDeploymentPostprocessing = 0;
		};
/* End PBXSourcesBuildPhase section */

/* Begin PBXTargetDependency section */
		D3905A6F23C75EC2000A9169 /* PBXTargetDependency */ = {
			isa = PBXTargetDependency;
			target = D3905A5623C75EC0000A9169 /* MarvelApp */;
			targetProxy = D3905A6E23C75EC2000A9169 /* PBXContainerItemProxy */;
		};
		D3905A7A23C75EC2000A9169 /* PBXTargetDependency */ = {
			isa = PBXTargetDependency;
			target = D3905A5623C75EC0000A9169 /* MarvelApp */;
			targetProxy = D3905A7923C75EC2000A9169 /* PBXContainerItemProxy */;
		};
/* End PBXTargetDependency section */

/* Begin PBXVariantGroup section */
		D38B84E623C79A1C00936465 /* Localizable.strings */ = {
			isa = PBXVariantGroup;
			children = (
				D38B84E523C79A1C00936465 /* en */,
			);
			name = Localizable.strings;
			sourceTree = "<group>";
		};
		D3905A6023C75EC0000A9169 /* Main.storyboard */ = {
			isa = PBXVariantGroup;
			children = (
				D3905A6123C75EC0000A9169 /* Base */,
			);
			name = Main.storyboard;
			sourceTree = "<group>";
		};
		D3905A6523C75EC1000A9169 /* LaunchScreen.storyboard */ = {
			isa = PBXVariantGroup;
			children = (
				D3905A6623C75EC1000A9169 /* Base */,
			);
			name = LaunchScreen.storyboard;
			sourceTree = "<group>";
		};
/* End PBXVariantGroup section */

/* Begin XCBuildConfiguration section */
		D3905A7F23C75EC2000A9169 /* Debug */ = {
			isa = XCBuildConfiguration;
			buildSettings = {
				ALWAYS_SEARCH_USER_PATHS = NO;
				CLANG_ANALYZER_NONNULL = YES;
				CLANG_ANALYZER_NUMBER_OBJECT_CONVERSION = YES_AGGRESSIVE;
				CLANG_CXX_LANGUAGE_STANDARD = "gnu++14";
				CLANG_CXX_LIBRARY = "libc++";
				CLANG_ENABLE_MODULES = YES;
				CLANG_ENABLE_OBJC_ARC = YES;
				CLANG_ENABLE_OBJC_WEAK = YES;
				CLANG_WARN_BLOCK_CAPTURE_AUTORELEASING = YES;
				CLANG_WARN_BOOL_CONVERSION = YES;
				CLANG_WARN_COMMA = YES;
				CLANG_WARN_CONSTANT_CONVERSION = YES;
				CLANG_WARN_DEPRECATED_OBJC_IMPLEMENTATIONS = YES;
				CLANG_WARN_DIRECT_OBJC_ISA_USAGE = YES_ERROR;
				CLANG_WARN_DOCUMENTATION_COMMENTS = YES;
				CLANG_WARN_EMPTY_BODY = YES;
				CLANG_WARN_ENUM_CONVERSION = YES;
				CLANG_WARN_INFINITE_RECURSION = YES;
				CLANG_WARN_INT_CONVERSION = YES;
				CLANG_WARN_NON_LITERAL_NULL_CONVERSION = YES;
				CLANG_WARN_OBJC_IMPLICIT_RETAIN_SELF = YES;
				CLANG_WARN_OBJC_LITERAL_CONVERSION = YES;
				CLANG_WARN_OBJC_ROOT_CLASS = YES_ERROR;
				CLANG_WARN_RANGE_LOOP_ANALYSIS = YES;
				CLANG_WARN_STRICT_PROTOTYPES = YES;
				CLANG_WARN_SUSPICIOUS_MOVE = YES;
				CLANG_WARN_UNGUARDED_AVAILABILITY = YES_AGGRESSIVE;
				CLANG_WARN_UNREACHABLE_CODE = YES;
				CLANG_WARN__DUPLICATE_METHOD_MATCH = YES;
				COPY_PHASE_STRIP = NO;
				DEBUG_INFORMATION_FORMAT = dwarf;
				ENABLE_STRICT_OBJC_MSGSEND = YES;
				ENABLE_TESTABILITY = YES;
				GCC_C_LANGUAGE_STANDARD = gnu11;
				GCC_DYNAMIC_NO_PIC = NO;
				GCC_NO_COMMON_BLOCKS = YES;
				GCC_OPTIMIZATION_LEVEL = 0;
				GCC_PREPROCESSOR_DEFINITIONS = (
					"DEBUG=1",
					"$(inherited)",
				);
				GCC_WARN_64_TO_32_BIT_CONVERSION = YES;
				GCC_WARN_ABOUT_RETURN_TYPE = YES_ERROR;
				GCC_WARN_UNDECLARED_SELECTOR = YES;
				GCC_WARN_UNINITIALIZED_AUTOS = YES_AGGRESSIVE;
				GCC_WARN_UNUSED_FUNCTION = YES;
				GCC_WARN_UNUSED_VARIABLE = YES;
				IPHONEOS_DEPLOYMENT_TARGET = 13.1;
				MTL_ENABLE_DEBUG_INFO = INCLUDE_SOURCE;
				MTL_FAST_MATH = YES;
				ONLY_ACTIVE_ARCH = YES;
				SDKROOT = iphoneos;
				SWIFT_ACTIVE_COMPILATION_CONDITIONS = DEBUG;
				SWIFT_OPTIMIZATION_LEVEL = "-Onone";
			};
			name = Debug;
		};
		D3905A8023C75EC2000A9169 /* Release */ = {
			isa = XCBuildConfiguration;
			buildSettings = {
				ALWAYS_SEARCH_USER_PATHS = NO;
				CLANG_ANALYZER_NONNULL = YES;
				CLANG_ANALYZER_NUMBER_OBJECT_CONVERSION = YES_AGGRESSIVE;
				CLANG_CXX_LANGUAGE_STANDARD = "gnu++14";
				CLANG_CXX_LIBRARY = "libc++";
				CLANG_ENABLE_MODULES = YES;
				CLANG_ENABLE_OBJC_ARC = YES;
				CLANG_ENABLE_OBJC_WEAK = YES;
				CLANG_WARN_BLOCK_CAPTURE_AUTORELEASING = YES;
				CLANG_WARN_BOOL_CONVERSION = YES;
				CLANG_WARN_COMMA = YES;
				CLANG_WARN_CONSTANT_CONVERSION = YES;
				CLANG_WARN_DEPRECATED_OBJC_IMPLEMENTATIONS = YES;
				CLANG_WARN_DIRECT_OBJC_ISA_USAGE = YES_ERROR;
				CLANG_WARN_DOCUMENTATION_COMMENTS = YES;
				CLANG_WARN_EMPTY_BODY = YES;
				CLANG_WARN_ENUM_CONVERSION = YES;
				CLANG_WARN_INFINITE_RECURSION = YES;
				CLANG_WARN_INT_CONVERSION = YES;
				CLANG_WARN_NON_LITERAL_NULL_CONVERSION = YES;
				CLANG_WARN_OBJC_IMPLICIT_RETAIN_SELF = YES;
				CLANG_WARN_OBJC_LITERAL_CONVERSION = YES;
				CLANG_WARN_OBJC_ROOT_CLASS = YES_ERROR;
				CLANG_WARN_RANGE_LOOP_ANALYSIS = YES;
				CLANG_WARN_STRICT_PROTOTYPES = YES;
				CLANG_WARN_SUSPICIOUS_MOVE = YES;
				CLANG_WARN_UNGUARDED_AVAILABILITY = YES_AGGRESSIVE;
				CLANG_WARN_UNREACHABLE_CODE = YES;
				CLANG_WARN__DUPLICATE_METHOD_MATCH = YES;
				COPY_PHASE_STRIP = NO;
				DEBUG_INFORMATION_FORMAT = "dwarf-with-dsym";
				ENABLE_NS_ASSERTIONS = NO;
				ENABLE_STRICT_OBJC_MSGSEND = YES;
				GCC_C_LANGUAGE_STANDARD = gnu11;
				GCC_NO_COMMON_BLOCKS = YES;
				GCC_WARN_64_TO_32_BIT_CONVERSION = YES;
				GCC_WARN_ABOUT_RETURN_TYPE = YES_ERROR;
				GCC_WARN_UNDECLARED_SELECTOR = YES;
				GCC_WARN_UNINITIALIZED_AUTOS = YES_AGGRESSIVE;
				GCC_WARN_UNUSED_FUNCTION = YES;
				GCC_WARN_UNUSED_VARIABLE = YES;
				IPHONEOS_DEPLOYMENT_TARGET = 13.1;
				MTL_ENABLE_DEBUG_INFO = NO;
				MTL_FAST_MATH = YES;
				SDKROOT = iphoneos;
				SWIFT_COMPILATION_MODE = wholemodule;
				SWIFT_OPTIMIZATION_LEVEL = "-O";
				VALIDATE_PRODUCT = YES;
			};
			name = Release;
		};
		D3905A8223C75EC2000A9169 /* Debug */ = {
			isa = XCBuildConfiguration;
			baseConfigurationReference = 167FCD006500ADDB8AE1DD2E /* Pods-MarvelApp.debug.xcconfig */;
			buildSettings = {
				ASSETCATALOG_COMPILER_APPICON_NAME = AppIcon;
				CODE_SIGN_STYLE = Automatic;
				DEVELOPMENT_TEAM = 5DY8J4JRNQ;
				INFOPLIST_FILE = MarvelApp/Info.plist;
				LD_RUNPATH_SEARCH_PATHS = (
					"$(inherited)",
					"@executable_path/Frameworks",
				);
				PRODUCT_BUNDLE_IDENTIFIER = com.smektala.MarvelApp;
				PRODUCT_NAME = "$(TARGET_NAME)";
				SWIFT_VERSION = 5.0;
				TARGETED_DEVICE_FAMILY = "1,2";
			};
			name = Debug;
		};
		D3905A8323C75EC2000A9169 /* Release */ = {
			isa = XCBuildConfiguration;
			baseConfigurationReference = 1A12FA0932A57475E4C1C13F /* Pods-MarvelApp.release.xcconfig */;
			buildSettings = {
				ASSETCATALOG_COMPILER_APPICON_NAME = AppIcon;
				CODE_SIGN_STYLE = Automatic;
				DEVELOPMENT_TEAM = 5DY8J4JRNQ;
				INFOPLIST_FILE = MarvelApp/Info.plist;
				LD_RUNPATH_SEARCH_PATHS = (
					"$(inherited)",
					"@executable_path/Frameworks",
				);
				PRODUCT_BUNDLE_IDENTIFIER = com.smektala.MarvelApp;
				PRODUCT_NAME = "$(TARGET_NAME)";
				SWIFT_VERSION = 5.0;
				TARGETED_DEVICE_FAMILY = "1,2";
			};
			name = Release;
		};
		D3905A8523C75EC2000A9169 /* Debug */ = {
			isa = XCBuildConfiguration;
			baseConfigurationReference = 7F0E83BB5180961B267BF492 /* Pods-MarvelAppTests.debug.xcconfig */;
			buildSettings = {
				ALWAYS_EMBED_SWIFT_STANDARD_LIBRARIES = YES;
				CODE_SIGN_STYLE = Automatic;
				DEVELOPMENT_TEAM = 5DY8J4JRNQ;
				INFOPLIST_FILE = MarvelAppTests/Info.plist;
				IPHONEOS_DEPLOYMENT_TARGET = 13.1;
				LD_RUNPATH_SEARCH_PATHS = (
					"$(inherited)",
					"@executable_path/Frameworks",
					"@loader_path/Frameworks",
				);
				PRODUCT_BUNDLE_IDENTIFIER = com.smektala.MarvelAppTests;
				PRODUCT_NAME = "$(TARGET_NAME)";
				SWIFT_VERSION = 5.0;
				TARGETED_DEVICE_FAMILY = "1,2";
				TEST_HOST = "$(BUILT_PRODUCTS_DIR)/MarvelApp.app/MarvelApp";
			};
			name = Debug;
		};
		D3905A8623C75EC2000A9169 /* Release */ = {
			isa = XCBuildConfiguration;
			baseConfigurationReference = A5E5846C33E1BD636A97237C /* Pods-MarvelAppTests.release.xcconfig */;
			buildSettings = {
				ALWAYS_EMBED_SWIFT_STANDARD_LIBRARIES = YES;
				CODE_SIGN_STYLE = Automatic;
				DEVELOPMENT_TEAM = 5DY8J4JRNQ;
				INFOPLIST_FILE = MarvelAppTests/Info.plist;
				IPHONEOS_DEPLOYMENT_TARGET = 13.1;
				LD_RUNPATH_SEARCH_PATHS = (
					"$(inherited)",
					"@executable_path/Frameworks",
					"@loader_path/Frameworks",
				);
				PRODUCT_BUNDLE_IDENTIFIER = com.smektala.MarvelAppTests;
				PRODUCT_NAME = "$(TARGET_NAME)";
				SWIFT_VERSION = 5.0;
				TARGETED_DEVICE_FAMILY = "1,2";
				TEST_HOST = "$(BUILT_PRODUCTS_DIR)/MarvelApp.app/MarvelApp";
			};
			name = Release;
		};
		D3905A8823C75EC2000A9169 /* Debug */ = {
			isa = XCBuildConfiguration;
			baseConfigurationReference = 66F50F8F0A325BD4E222AF82 /* Pods-MarvelAppUITests.debug.xcconfig */;
			buildSettings = {
				ALWAYS_EMBED_SWIFT_STANDARD_LIBRARIES = YES;
				CODE_SIGN_STYLE = Automatic;
				DEVELOPMENT_TEAM = 5DY8J4JRNQ;
				INFOPLIST_FILE = MarvelAppUITests/Info.plist;
				LD_RUNPATH_SEARCH_PATHS = (
					"$(inherited)",
					"@executable_path/Frameworks",
					"@loader_path/Frameworks",
				);
				PRODUCT_BUNDLE_IDENTIFIER = com.smektala.MarvelAppUITests;
				PRODUCT_NAME = "$(TARGET_NAME)";
				SWIFT_VERSION = 5.0;
				TARGETED_DEVICE_FAMILY = "1,2";
				TEST_TARGET_NAME = MarvelApp;
			};
			name = Debug;
		};
		D3905A8923C75EC2000A9169 /* Release */ = {
			isa = XCBuildConfiguration;
			baseConfigurationReference = 02CBC2B0788097C6DFF507D6 /* Pods-MarvelAppUITests.release.xcconfig */;
			buildSettings = {
				ALWAYS_EMBED_SWIFT_STANDARD_LIBRARIES = YES;
				CODE_SIGN_STYLE = Automatic;
				DEVELOPMENT_TEAM = 5DY8J4JRNQ;
				INFOPLIST_FILE = MarvelAppUITests/Info.plist;
				LD_RUNPATH_SEARCH_PATHS = (
					"$(inherited)",
					"@executable_path/Frameworks",
					"@loader_path/Frameworks",
				);
				PRODUCT_BUNDLE_IDENTIFIER = com.smektala.MarvelAppUITests;
				PRODUCT_NAME = "$(TARGET_NAME)";
				SWIFT_VERSION = 5.0;
				TARGETED_DEVICE_FAMILY = "1,2";
				TEST_TARGET_NAME = MarvelApp;
			};
			name = Release;
		};
/* End XCBuildConfiguration section */

/* Begin XCConfigurationList section */
		D3905A5223C75EC0000A9169 /* Build configuration list for PBXProject "MarvelApp" */ = {
			isa = XCConfigurationList;
			buildConfigurations = (
				D3905A7F23C75EC2000A9169 /* Debug */,
				D3905A8023C75EC2000A9169 /* Release */,
			);
			defaultConfigurationIsVisible = 0;
			defaultConfigurationName = Release;
		};
		D3905A8123C75EC2000A9169 /* Build configuration list for PBXNativeTarget "MarvelApp" */ = {
			isa = XCConfigurationList;
			buildConfigurations = (
				D3905A8223C75EC2000A9169 /* Debug */,
				D3905A8323C75EC2000A9169 /* Release */,
			);
			defaultConfigurationIsVisible = 0;
			defaultConfigurationName = Release;
		};
		D3905A8423C75EC2000A9169 /* Build configuration list for PBXNativeTarget "MarvelAppTests" */ = {
			isa = XCConfigurationList;
			buildConfigurations = (
				D3905A8523C75EC2000A9169 /* Debug */,
				D3905A8623C75EC2000A9169 /* Release */,
			);
			defaultConfigurationIsVisible = 0;
			defaultConfigurationName = Release;
		};
		D3905A8723C75EC2000A9169 /* Build configuration list for PBXNativeTarget "MarvelAppUITests" */ = {
			isa = XCConfigurationList;
			buildConfigurations = (
				D3905A8823C75EC2000A9169 /* Debug */,
				D3905A8923C75EC2000A9169 /* Release */,
			);
			defaultConfigurationIsVisible = 0;
			defaultConfigurationName = Release;
		};
/* End XCConfigurationList section */
	};
	rootObject = D3905A4F23C75EC0000A9169 /* Project object */;
}
